
Microsoft Visual Studio Solution File, Format Version 12.00
# Visual Studio 2012
Project("{FAE04EC0-301F-11D3-BF4B-00C04F79EFBC}") = "NewPr", "NewPr\NewPr.csproj", "{FDA90A92-7527-4C1D-8B9E-3A037B4B9C6F}"
EndProject
Project("{FAE04EC0-301F-11D3-BF4B-00C04F79EFBC}") = "NewPr.Droid", "Droid\NewPr.Droid.csproj", "{39187DDF-1AD6-42E4-BF5E-BFF49619AED8}"
EndProject
Project("{FAE04EC0-301F-11D3-BF4B-00C04F79EFBC}") = "NewPr.UITests", "UITests\NewPr.UITests.csproj", "{FFE24C06-D98E-43BC-80A1-EC04C2F8F9E4}"
EndProject
Global
	GlobalSection(SolutionConfigurationPlatforms) = preSolution
		Debug|Any CPU = Debug|Any CPU
		Release|Any CPU = Release|Any CPU
	EndGlobalSection
	GlobalSection(ProjectConfigurationPlatforms) = postSolution
		{39187DDF-1AD6-42E4-BF5E-BFF49619AED8}.Debug|Any CPU.ActiveCfg = Debug|Any CPU
		{39187DDF-1AD6-42E4-BF5E-BFF49619AED8}.Debug|Any CPU.Build.0 = Debug|Any CPU
		{39187DDF-1AD6-42E4-BF5E-BFF49619AED8}.Release|Any CPU.ActiveCfg = Release|Any CPU
		{39187DDF-1AD6-42E4-BF5E-BFF49619AED8}.Release|Any CPU.Build.0 = Release|Any CPU
		{FDA90A92-7527-4C1D-8B9E-3A037B4B9C6F}.Debug|Any CPU.ActiveCfg = Debug|Any CPU
		{FDA90A92-7527-4C1D-8B9E-3A037B4B9C6F}.Debug|Any CPU.Build.0 = Debug|Any CPU
		{FDA90A92-7527-4C1D-8B9E-3A037B4B9C6F}.Release|Any CPU.ActiveCfg = Release|Any CPU
		{FDA90A92-7527-4C1D-8B9E-3A037B4B9C6F}.Release|Any CPU.Build.0 = Release|Any CPU
		{FFE24C06-D98E-43BC-80A1-EC04C2F8F9E4}.Debug|Any CPU.ActiveCfg = Debug|Any CPU
		{FFE24C06-D98E-43BC-80A1-EC04C2F8F9E4}.Debug|Any CPU.Build.0 = Debug|Any CPU
		{FFE24C06-D98E-43BC-80A1-EC04C2F8F9E4}.Release|Any CPU.ActiveCfg = Release|Any CPU
		{FFE24C06-D98E-43BC-80A1-EC04C2F8F9E4}.Release|Any CPU.Build.0 = Release|Any CPU
	EndGlobalSection
EndGlobal
